
Microsoft Visual Studio Solution File, Format Version 12.00
# Visual Studio 14
VisualStudioVersion = 14.0.25420.1
MinimumVisualStudioVersion = 10.0.40219.1
Project("{FAE04EC0-301F-11D3-BF4B-00C04F79EFBC}") = "SwipeCards.Demo.Forms.Android", "SwipeCards.Demo.Forms.Android\SwipeCards.Demo.Forms.Android.csproj", "{C8E5844B-A0F1-41D6-B5C4-590127CAB98B}"
EndProject
Project("{FAE04EC0-301F-11D3-BF4B-00C04F79EFBC}") = "SwipeCards.Demo.Forms.UWP", "SwipeCards.Demo.Forms.UWP\SwipeCards.Demo.Forms.UWP.csproj", "{51A29E94-CF97-46FC-BEFD-EF7EF130F3D9}"
EndProject
Project("{FAE04EC0-301F-11D3-BF4B-00C04F79EFBC}") = "SwipeCards.Demo.Forms.iOS", "SwipeCards.Demo.Forms.iOS\SwipeCards.Demo.Forms.iOS.csproj", "{B0A60ADD-F4C8-42EF-A99B-416A831C874D}"
EndProject
Project("{2150E333-8FDC-42A3-9474-1A3956D46DE8}") = "Demo", "Demo", "{013644A6-9015-4704-9BF7-4E78BCA94472}"
EndProject
Project("{2150E333-8FDC-42A3-9474-1A3956D46DE8}") = "Control", "Control", "{0BD314A4-0AE6-4BAE-B919-5205399C886D}"
EndProject
Project("{FAE04EC0-301F-11D3-BF4B-00C04F79EFBC}") = "SwipeCards.Controls", "SwipeCards.Controls\SwipeCards.Controls.csproj", "{619E63BE-B7F5-4D2E-9C30-52D8E5E64875}"
EndProject
Project("{FAE04EC0-301F-11D3-BF4B-00C04F79EFBC}") = "SwipeCards.Demo.Forms", "SwipeCards.Demo.Forms\SwipeCards.Demo.Forms.csproj", "{621AE780-CB34-4F70-B029-AC570D24ED9C}"
EndProject
Global
	GlobalSection(SolutionConfigurationPlatforms) = preSolution
		Ad-Hoc|Any CPU = Ad-Hoc|Any CPU
		Ad-Hoc|ARM = Ad-Hoc|ARM
		Ad-Hoc|iPhone = Ad-Hoc|iPhone
		Ad-Hoc|iPhoneSimulator = Ad-Hoc|iPhoneSimulator
		Ad-Hoc|x64 = Ad-Hoc|x64
		Ad-Hoc|x86 = Ad-Hoc|x86
		AppStore|Any CPU = AppStore|Any CPU
		AppStore|ARM = AppStore|ARM
		AppStore|iPhone = AppStore|iPhone
		AppStore|iPhoneSimulator = AppStore|iPhoneSimulator
		AppStore|x64 = AppStore|x64
		AppStore|x86 = AppStore|x86
		Debug|Any CPU = Debug|Any CPU
		Debug|ARM = Debug|ARM
		Debug|iPhone = Debug|iPhone
		Debug|iPhoneSimulator = Debug|iPhoneSimulator
		Debug|x64 = Debug|x64
		Debug|x86 = Debug|x86
		Release|Any CPU = Release|Any CPU
		Release|ARM = Release|ARM
		Release|iPhone = Release|iPhone
		Release|iPhoneSimulator = Release|iPhoneSimulator
		Release|x64 = Release|x64
		Release|x86 = Release|x86
	EndGlobalSection
	GlobalSection(ProjectConfigurationPlatforms) = postSolution
		{C8E5844B-A0F1-41D6-B5C4-590127CAB98B}.Ad-Hoc|Any CPU.ActiveCfg = Release|Any CPU
		{C8E5844B-A0F1-41D6-B5C4-590127CAB98B}.Ad-Hoc|Any CPU.Build.0 = Release|Any CPU
		{C8E5844B-A0F1-41D6-B5C4-590127CAB98B}.Ad-Hoc|Any CPU.Deploy.0 = Release|Any CPU
		{C8E5844B-A0F1-41D6-B5C4-590127CAB98B}.Ad-Hoc|ARM.ActiveCfg = Release|Any CPU
		{C8E5844B-A0F1-41D6-B5C4-590127CAB98B}.Ad-Hoc|ARM.Build.0 = Release|Any CPU
		{C8E5844B-A0F1-41D6-B5C4-590127CAB98B}.Ad-Hoc|ARM.Deploy.0 = Release|Any CPU
		{C8E5844B-A0F1-41D6-B5C4-590127CAB98B}.Ad-Hoc|iPhone.ActiveCfg = Release|Any CPU
		{C8E5844B-A0F1-41D6-B5C4-590127CAB98B}.Ad-Hoc|iPhone.Build.0 = Release|Any CPU
		{C8E5844B-A0F1-41D6-B5C4-590127CAB98B}.Ad-Hoc|iPhone.Deploy.0 = Release|Any CPU
		{C8E5844B-A0F1-41D6-B5C4-590127CAB98B}.Ad-Hoc|iPhoneSimulator.ActiveCfg = Release|Any CPU
		{C8E5844B-A0F1-41D6-B5C4-590127CAB98B}.Ad-Hoc|iPhoneSimulator.Build.0 = Release|Any CPU
		{C8E5844B-A0F1-41D6-B5C4-590127CAB98B}.Ad-Hoc|iPhoneSimulator.Deploy.0 = Release|Any CPU
		{C8E5844B-A0F1-41D6-B5C4-590127CAB98B}.Ad-Hoc|x64.ActiveCfg = Release|Any CPU
		{C8E5844B-A0F1-41D6-B5C4-590127CAB98B}.Ad-Hoc|x64.Build.0 = Release|Any CPU
		{C8E5844B-A0F1-41D6-B5C4-590127CAB98B}.Ad-Hoc|x64.Deploy.0 = Release|Any CPU
		{C8E5844B-A0F1-41D6-B5C4-590127CAB98B}.Ad-Hoc|x86.ActiveCfg = Release|Any CPU
		{C8E5844B-A0F1-41D6-B5C4-590127CAB98B}.Ad-Hoc|x86.Build.0 = Release|Any CPU
		{C8E5844B-A0F1-41D6-B5C4-590127CAB98B}.Ad-Hoc|x86.Deploy.0 = Release|Any CPU
		{C8E5844B-A0F1-41D6-B5C4-590127CAB98B}.AppStore|Any CPU.ActiveCfg = Release|Any CPU
		{C8E5844B-A0F1-41D6-B5C4-590127CAB98B}.AppStore|Any CPU.Build.0 = Release|Any CPU
		{C8E5844B-A0F1-41D6-B5C4-590127CAB98B}.AppStore|Any CPU.Deploy.0 = Release|Any CPU
		{C8E5844B-A0F1-41D6-B5C4-590127CAB98B}.AppStore|ARM.ActiveCfg = Release|Any CPU
		{C8E5844B-A0F1-41D6-B5C4-590127CAB98B}.AppStore|ARM.Build.0 = Release|Any CPU
		{C8E5844B-A0F1-41D6-B5C4-590127CAB98B}.AppStore|ARM.Deploy.0 = Release|Any CPU
		{C8E5844B-A0F1-41D6-B5C4-590127CAB98B}.AppStore|iPhone.ActiveCfg = Release|Any CPU
		{C8E5844B-A0F1-41D6-B5C4-590127CAB98B}.AppStore|iPhone.Build.0 = Release|Any CPU
		{C8E5844B-A0F1-41D6-B5C4-590127CAB98B}.AppStore|iPhone.Deploy.0 = Release|Any CPU
		{C8E5844B-A0F1-41D6-B5C4-590127CAB98B}.AppStore|iPhoneSimulator.ActiveCfg = Release|Any CPU
		{C8E5844B-A0F1-41D6-B5C4-590127CAB98B}.AppStore|iPhoneSimulator.Build.0 = Release|Any CPU
		{C8E5844B-A0F1-41D6-B5C4-590127CAB98B}.AppStore|iPhoneSimulator.Deploy.0 = Release|Any CPU
		{C8E5844B-A0F1-41D6-B5C4-590127CAB98B}.AppStore|x64.ActiveCfg = Release|Any CPU
		{C8E5844B-A0F1-41D6-B5C4-590127CAB98B}.AppStore|x64.Build.0 = Release|Any CPU
		{C8E5844B-A0F1-41D6-B5C4-590127CAB98B}.AppStore|x64.Deploy.0 = Release|Any CPU
		{C8E5844B-A0F1-41D6-B5C4-590127CAB98B}.AppStore|x86.ActiveCfg = Release|Any CPU
		{C8E5844B-A0F1-41D6-B5C4-590127CAB98B}.AppStore|x86.Build.0 = Release|Any CPU
		{C8E5844B-A0F1-41D6-B5C4-590127CAB98B}.AppStore|x86.Deploy.0 = Release|Any CPU
		{C8E5844B-A0F1-41D6-B5C4-590127CAB98B}.Debug|Any CPU.ActiveCfg = Debug|Any CPU
		{C8E5844B-A0F1-41D6-B5C4-590127CAB98B}.Debug|Any CPU.Build.0 = Debug|Any CPU
		{C8E5844B-A0F1-41D6-B5C4-590127CAB98B}.Debug|Any CPU.Deploy.0 = Debug|Any CPU
		{C8E5844B-A0F1-41D6-B5C4-590127CAB98B}.Debug|ARM.ActiveCfg = Debug|Any CPU
		{C8E5844B-A0F1-41D6-B5C4-590127CAB98B}.Debug|ARM.Build.0 = Debug|Any CPU
		{C8E5844B-A0F1-41D6-B5C4-590127CAB98B}.Debug|ARM.Deploy.0 = Debug|Any CPU
		{C8E5844B-A0F1-41D6-B5C4-590127CAB98B}.Debug|iPhone.ActiveCfg = Debug|Any CPU
		{C8E5844B-A0F1-41D6-B5C4-590127CAB98B}.Debug|iPhone.Build.0 = Debug|Any CPU
		{C8E5844B-A0F1-41D6-B5C4-590127CAB98B}.Debug|iPhone.Deploy.0 = Debug|Any CPU
		{C8E5844B-A0F1-41D6-B5C4-590127CAB98B}.Debug|iPhoneSimulator.ActiveCfg = Debug|Any CPU
		{C8E5844B-A0F1-41D6-B5C4-590127CAB98B}.Debug|iPhoneSimulator.Build.0 = Debug|Any CPU
		{C8E5844B-A0F1-41D6-B5C4-590127CAB98B}.Debug|iPhoneSimulator.Deploy.0 = Debug|Any CPU
		{C8E5844B-A0F1-41D6-B5C4-590127CAB98B}.Debug|x64.ActiveCfg = Debug|Any CPU
		{C8E5844B-A0F1-41D6-B5C4-590127CAB98B}.Debug|x64.Build.0 = Debug|Any CPU
		{C8E5844B-A0F1-41D6-B5C4-590127CAB98B}.Debug|x64.Deploy.0 = Debug|Any CPU
		{C8E5844B-A0F1-41D6-B5C4-590127CAB98B}.Debug|x86.ActiveCfg = Debug|Any CPU
		{C8E5844B-A0F1-41D6-B5C4-590127CAB98B}.Debug|x86.Build.0 = Debug|Any CPU
		{C8E5844B-A0F1-41D6-B5C4-590127CAB98B}.Debug|x86.Deploy.0 = Debug|Any CPU
		{C8E5844B-A0F1-41D6-B5C4-590127CAB98B}.Release|Any CPU.ActiveCfg = Release|Any CPU
		{C8E5844B-A0F1-41D6-B5C4-590127CAB98B}.Release|Any CPU.Build.0 = Release|Any CPU
		{C8E5844B-A0F1-41D6-B5C4-590127CAB98B}.Release|Any CPU.Deploy.0 = Release|Any CPU
		{C8E5844B-A0F1-41D6-B5C4-590127CAB98B}.Release|ARM.ActiveCfg = Release|Any CPU
		{C8E5844B-A0F1-41D6-B5C4-590127CAB98B}.Release|ARM.Build.0 = Release|Any CPU
		{C8E5844B-A0F1-41D6-B5C4-590127CAB98B}.Release|ARM.Deploy.0 = Release|Any CPU
		{C8E5844B-A0F1-41D6-B5C4-590127CAB98B}.Release|iPhone.ActiveCfg = Release|Any CPU
		{C8E5844B-A0F1-41D6-B5C4-590127CAB98B}.Release|iPhone.Build.0 = Release|Any CPU
		{C8E5844B-A0F1-41D6-B5C4-590127CAB98B}.Release|iPhone.Deploy.0 = Release|Any CPU
		{C8E5844B-A0F1-41D6-B5C4-590127CAB98B}.Release|iPhoneSimulator.ActiveCfg = Release|Any CPU
		{C8E5844B-A0F1-41D6-B5C4-590127CAB98B}.Release|iPhoneSimulator.Build.0 = Release|Any CPU
		{C8E5844B-A0F1-41D6-B5C4-590127CAB98B}.Release|iPhoneSimulator.Deploy.0 = Release|Any CPU
		{C8E5844B-A0F1-41D6-B5C4-590127CAB98B}.Release|x64.ActiveCfg = Release|Any CPU
		{C8E5844B-A0F1-41D6-B5C4-590127CAB98B}.Release|x64.Build.0 = Release|Any CPU
		{C8E5844B-A0F1-41D6-B5C4-590127CAB98B}.Release|x64.Deploy.0 = Release|Any CPU
		{C8E5844B-A0F1-41D6-B5C4-590127CAB98B}.Release|x86.ActiveCfg = Release|Any CPU
		{C8E5844B-A0F1-41D6-B5C4-590127CAB98B}.Release|x86.Build.0 = Release|Any CPU
		{C8E5844B-A0F1-41D6-B5C4-590127CAB98B}.Release|x86.Deploy.0 = Release|Any CPU
		{A0DD49BD-0E6F-4291-A741-B62D1E813E2E}.Ad-Hoc|Any CPU.ActiveCfg = Release|Any CPU
		{A0DD49BD-0E6F-4291-A741-B62D1E813E2E}.Ad-Hoc|Any CPU.Build.0 = Release|Any CPU
		{A0DD49BD-0E6F-4291-A741-B62D1E813E2E}.Ad-Hoc|ARM.ActiveCfg = Release|Any CPU
		{A0DD49BD-0E6F-4291-A741-B62D1E813E2E}.Ad-Hoc|ARM.Build.0 = Release|Any CPU
		{A0DD49BD-0E6F-4291-A741-B62D1E813E2E}.Ad-Hoc|iPhone.ActiveCfg = Release|Any CPU
		{A0DD49BD-0E6F-4291-A741-B62D1E813E2E}.Ad-Hoc|iPhone.Build.0 = Release|Any CPU
		{A0DD49BD-0E6F-4291-A741-B62D1E813E2E}.Ad-Hoc|iPhoneSimulator.ActiveCfg = Release|Any CPU
		{A0DD49BD-0E6F-4291-A741-B62D1E813E2E}.Ad-Hoc|iPhoneSimulator.Build.0 = Release|Any CPU
		{A0DD49BD-0E6F-4291-A741-B62D1E813E2E}.Ad-Hoc|x64.ActiveCfg = Release|Any CPU
		{A0DD49BD-0E6F-4291-A741-B62D1E813E2E}.Ad-Hoc|x64.Build.0 = Release|Any CPU
		{A0DD49BD-0E6F-4291-A741-B62D1E813E2E}.Ad-Hoc|x86.ActiveCfg = Release|Any CPU
		{A0DD49BD-0E6F-4291-A741-B62D1E813E2E}.Ad-Hoc|x86.Build.0 = Release|Any CPU
		{A0DD49BD-0E6F-4291-A741-B62D1E813E2E}.AppStore|Any CPU.ActiveCfg = Release|Any CPU
		{A0DD49BD-0E6F-4291-A741-B62D1E813E2E}.AppStore|Any CPU.Build.0 = Release|Any CPU
		{A0DD49BD-0E6F-4291-A741-B62D1E813E2E}.AppStore|ARM.ActiveCfg = Release|Any CPU
		{A0DD49BD-0E6F-4291-A741-B62D1E813E2E}.AppStore|ARM.Build.0 = Release|Any CPU
		{A0DD49BD-0E6F-4291-A741-B62D1E813E2E}.AppStore|iPhone.ActiveCfg = Release|Any CPU
		{A0DD49BD-0E6F-4291-A741-B62D1E813E2E}.AppStore|iPhone.Build.0 = Release|Any CPU
		{A0DD49BD-0E6F-4291-A741-B62D1E813E2E}.AppStore|iPhoneSimulator.ActiveCfg = Release|Any CPU
		{A0DD49BD-0E6F-4291-A741-B62D1E813E2E}.AppStore|iPhoneSimulator.Build.0 = Release|Any CPU
		{A0DD49BD-0E6F-4291-A741-B62D1E813E2E}.AppStore|x64.ActiveCfg = Release|Any CPU
		{A0DD49BD-0E6F-4291-A741-B62D1E813E2E}.AppStore|x64.Build.0 = Release|Any CPU
		{A0DD49BD-0E6F-4291-A741-B62D1E813E2E}.AppStore|x86.ActiveCfg = Release|Any CPU
		{A0DD49BD-0E6F-4291-A741-B62D1E813E2E}.AppStore|x86.Build.0 = Release|Any CPU
		{A0DD49BD-0E6F-4291-A741-B62D1E813E2E}.Debug|Any CPU.ActiveCfg = Debug|Any CPU
		{A0DD49BD-0E6F-4291-A741-B62D1E813E2E}.Debug|Any CPU.Build.0 = Debug|Any CPU
		{A0DD49BD-0E6F-4291-A741-B62D1E813E2E}.Debug|ARM.ActiveCfg = Debug|Any CPU
		{A0DD49BD-0E6F-4291-A741-B62D1E813E2E}.Debug|ARM.Build.0 = Debug|Any CPU
		{A0DD49BD-0E6F-4291-A741-B62D1E813E2E}.Debug|iPhone.ActiveCfg = Debug|Any CPU
		{A0DD49BD-0E6F-4291-A741-B62D1E813E2E}.Debug|iPhone.Build.0 = Debug|Any CPU
		{A0DD49BD-0E6F-4291-A741-B62D1E813E2E}.Debug|iPhoneSimulator.ActiveCfg = Debug|Any CPU
		{A0DD49BD-0E6F-4291-A741-B62D1E813E2E}.Debug|iPhoneSimulator.Build.0 = Debug|Any CPU
		{A0DD49BD-0E6F-4291-A741-B62D1E813E2E}.Debug|x64.ActiveCfg = Debug|Any CPU
		{A0DD49BD-0E6F-4291-A741-B62D1E813E2E}.Debug|x64.Build.0 = Debug|Any CPU
		{A0DD49BD-0E6F-4291-A741-B62D1E813E2E}.Debug|x86.ActiveCfg = Debug|Any CPU
		{A0DD49BD-0E6F-4291-A741-B62D1E813E2E}.Debug|x86.Build.0 = Debug|Any CPU
		{A0DD49BD-0E6F-4291-A741-B62D1E813E2E}.Release|Any CPU.ActiveCfg = Release|Any CPU
		{A0DD49BD-0E6F-4291-A741-B62D1E813E2E}.Release|Any CPU.Build.0 = Release|Any CPU
		{A0DD49BD-0E6F-4291-A741-B62D1E813E2E}.Release|ARM.ActiveCfg = Release|Any CPU
		{A0DD49BD-0E6F-4291-A741-B62D1E813E2E}.Release|ARM.Build.0 = Release|Any CPU
		{A0DD49BD-0E6F-4291-A741-B62D1E813E2E}.Release|iPhone.ActiveCfg = Release|Any CPU
		{A0DD49BD-0E6F-4291-A741-B62D1E813E2E}.Release|iPhone.Build.0 = Release|Any CPU
		{A0DD49BD-0E6F-4291-A741-B62D1E813E2E}.Release|iPhoneSimulator.ActiveCfg = Release|Any CPU
		{A0DD49BD-0E6F-4291-A741-B62D1E813E2E}.Release|iPhoneSimulator.Build.0 = Release|Any CPU
		{A0DD49BD-0E6F-4291-A741-B62D1E813E2E}.Release|x64.ActiveCfg = Release|Any CPU
		{A0DD49BD-0E6F-4291-A741-B62D1E813E2E}.Release|x64.Build.0 = Release|Any CPU
		{A0DD49BD-0E6F-4291-A741-B62D1E813E2E}.Release|x86.ActiveCfg = Release|Any CPU
		{A0DD49BD-0E6F-4291-A741-B62D1E813E2E}.Release|x86.Build.0 = Release|Any CPU
		{51A29E94-CF97-46FC-BEFD-EF7EF130F3D9}.Ad-Hoc|Any CPU.ActiveCfg = Release|x86
		{51A29E94-CF97-46FC-BEFD-EF7EF130F3D9}.Ad-Hoc|Any CPU.Build.0 = Release|x86
		{51A29E94-CF97-46FC-BEFD-EF7EF130F3D9}.Ad-Hoc|Any CPU.Deploy.0 = Release|x86
		{51A29E94-CF97-46FC-BEFD-EF7EF130F3D9}.Ad-Hoc|ARM.ActiveCfg = Release|ARM
		{51A29E94-CF97-46FC-BEFD-EF7EF130F3D9}.Ad-Hoc|ARM.Build.0 = Release|ARM
		{51A29E94-CF97-46FC-BEFD-EF7EF130F3D9}.Ad-Hoc|ARM.Deploy.0 = Release|ARM
		{51A29E94-CF97-46FC-BEFD-EF7EF130F3D9}.Ad-Hoc|iPhone.ActiveCfg = Release|x86
		{51A29E94-CF97-46FC-BEFD-EF7EF130F3D9}.Ad-Hoc|iPhone.Build.0 = Release|x86
		{51A29E94-CF97-46FC-BEFD-EF7EF130F3D9}.Ad-Hoc|iPhone.Deploy.0 = Release|x86
		{51A29E94-CF97-46FC-BEFD-EF7EF130F3D9}.Ad-Hoc|iPhoneSimulator.ActiveCfg = Release|x86
		{51A29E94-CF97-46FC-BEFD-EF7EF130F3D9}.Ad-Hoc|iPhoneSimulator.Build.0 = Release|x86
		{51A29E94-CF97-46FC-BEFD-EF7EF130F3D9}.Ad-Hoc|iPhoneSimulator.Deploy.0 = Release|x86
		{51A29E94-CF97-46FC-BEFD-EF7EF130F3D9}.Ad-Hoc|x64.ActiveCfg = Release|x64
		{51A29E94-CF97-46FC-BEFD-EF7EF130F3D9}.Ad-Hoc|x64.Build.0 = Release|x64
		{51A29E94-CF97-46FC-BEFD-EF7EF130F3D9}.Ad-Hoc|x64.Deploy.0 = Release|x64
		{51A29E94-CF97-46FC-BEFD-EF7EF130F3D9}.Ad-Hoc|x86.ActiveCfg = Release|x86
		{51A29E94-CF97-46FC-BEFD-EF7EF130F3D9}.Ad-Hoc|x86.Build.0 = Release|x86
		{51A29E94-CF97-46FC-BEFD-EF7EF130F3D9}.Ad-Hoc|x86.Deploy.0 = Release|x86
		{51A29E94-CF97-46FC-BEFD-EF7EF130F3D9}.AppStore|Any CPU.ActiveCfg = Release|x86
		{51A29E94-CF97-46FC-BEFD-EF7EF130F3D9}.AppStore|Any CPU.Build.0 = Release|x86
		{51A29E94-CF97-46FC-BEFD-EF7EF130F3D9}.AppStore|Any CPU.Deploy.0 = Release|x86
		{51A29E94-CF97-46FC-BEFD-EF7EF130F3D9}.AppStore|ARM.ActiveCfg = Release|ARM
		{51A29E94-CF97-46FC-BEFD-EF7EF130F3D9}.AppStore|ARM.Build.0 = Release|ARM
		{51A29E94-CF97-46FC-BEFD-EF7EF130F3D9}.AppStore|ARM.Deploy.0 = Release|ARM
		{51A29E94-CF97-46FC-BEFD-EF7EF130F3D9}.AppStore|iPhone.ActiveCfg = Release|x86
		{51A29E94-CF97-46FC-BEFD-EF7EF130F3D9}.AppStore|iPhone.Build.0 = Release|x86
		{51A29E94-CF97-46FC-BEFD-EF7EF130F3D9}.AppStore|iPhone.Deploy.0 = Release|x86
		{51A29E94-CF97-46FC-BEFD-EF7EF130F3D9}.AppStore|iPhoneSimulator.ActiveCfg = Release|x86
		{51A29E94-CF97-46FC-BEFD-EF7EF130F3D9}.AppStore|iPhoneSimulator.Build.0 = Release|x86
		{51A29E94-CF97-46FC-BEFD-EF7EF130F3D9}.AppStore|iPhoneSimulator.Deploy.0 = Release|x86
		{51A29E94-CF97-46FC-BEFD-EF7EF130F3D9}.AppStore|x64.ActiveCfg = Release|x64
		{51A29E94-CF97-46FC-BEFD-EF7EF130F3D9}.AppStore|x64.Build.0 = Release|x64
		{51A29E94-CF97-46FC-BEFD-EF7EF130F3D9}.AppStore|x64.Deploy.0 = Release|x64
		{51A29E94-CF97-46FC-BEFD-EF7EF130F3D9}.AppStore|x86.ActiveCfg = Release|x86
		{51A29E94-CF97-46FC-BEFD-EF7EF130F3D9}.AppStore|x86.Build.0 = Release|x86
		{51A29E94-CF97-46FC-BEFD-EF7EF130F3D9}.AppStore|x86.Deploy.0 = Release|x86
		{51A29E94-CF97-46FC-BEFD-EF7EF130F3D9}.Debug|Any CPU.ActiveCfg = Debug|x86
		{51A29E94-CF97-46FC-BEFD-EF7EF130F3D9}.Debug|Any CPU.Build.0 = Debug|x86
		{51A29E94-CF97-46FC-BEFD-EF7EF130F3D9}.Debug|Any CPU.Deploy.0 = Debug|x86
		{51A29E94-CF97-46FC-BEFD-EF7EF130F3D9}.Debug|ARM.ActiveCfg = Debug|ARM
		{51A29E94-CF97-46FC-BEFD-EF7EF130F3D9}.Debug|ARM.Build.0 = Debug|ARM
		{51A29E94-CF97-46FC-BEFD-EF7EF130F3D9}.Debug|ARM.Deploy.0 = Debug|ARM
		{51A29E94-CF97-46FC-BEFD-EF7EF130F3D9}.Debug|iPhone.ActiveCfg = Debug|x86
		{51A29E94-CF97-46FC-BEFD-EF7EF130F3D9}.Debug|iPhoneSimulator.ActiveCfg = Debug|x86
		{51A29E94-CF97-46FC-BEFD-EF7EF130F3D9}.Debug|x64.ActiveCfg = Debug|x64
		{51A29E94-CF97-46FC-BEFD-EF7EF130F3D9}.Debug|x64.Build.0 = Debug|x64
		{51A29E94-CF97-46FC-BEFD-EF7EF130F3D9}.Debug|x64.Deploy.0 = Debug|x64
		{51A29E94-CF97-46FC-BEFD-EF7EF130F3D9}.Debug|x86.ActiveCfg = Debug|x86
		{51A29E94-CF97-46FC-BEFD-EF7EF130F3D9}.Debug|x86.Build.0 = Debug|x86
		{51A29E94-CF97-46FC-BEFD-EF7EF130F3D9}.Debug|x86.Deploy.0 = Debug|x86
		{51A29E94-CF97-46FC-BEFD-EF7EF130F3D9}.Release|Any CPU.ActiveCfg = Release|x86
		{51A29E94-CF97-46FC-BEFD-EF7EF130F3D9}.Release|ARM.ActiveCfg = Release|ARM
		{51A29E94-CF97-46FC-BEFD-EF7EF130F3D9}.Release|ARM.Build.0 = Release|ARM
		{51A29E94-CF97-46FC-BEFD-EF7EF130F3D9}.Release|ARM.Deploy.0 = Release|ARM
		{51A29E94-CF97-46FC-BEFD-EF7EF130F3D9}.Release|iPhone.ActiveCfg = Release|x86
		{51A29E94-CF97-46FC-BEFD-EF7EF130F3D9}.Release|iPhoneSimulator.ActiveCfg = Release|x86
		{51A29E94-CF97-46FC-BEFD-EF7EF130F3D9}.Release|x64.ActiveCfg = Release|x64
		{51A29E94-CF97-46FC-BEFD-EF7EF130F3D9}.Release|x64.Build.0 = Release|x64
		{51A29E94-CF97-46FC-BEFD-EF7EF130F3D9}.Release|x64.Deploy.0 = Release|x64
		{51A29E94-CF97-46FC-BEFD-EF7EF130F3D9}.Release|x86.ActiveCfg = Release|x86
		{51A29E94-CF97-46FC-BEFD-EF7EF130F3D9}.Release|x86.Build.0 = Release|x86
		{51A29E94-CF97-46FC-BEFD-EF7EF130F3D9}.Release|x86.Deploy.0 = Release|x86
		{B0A60ADD-F4C8-42EF-A99B-416A831C874D}.Ad-Hoc|Any CPU.ActiveCfg = Ad-Hoc|iPhone
		{B0A60ADD-F4C8-42EF-A99B-416A831C874D}.Ad-Hoc|ARM.ActiveCfg = Ad-Hoc|iPhone
		{B0A60ADD-F4C8-42EF-A99B-416A831C874D}.Ad-Hoc|iPhone.ActiveCfg = Ad-Hoc|iPhone
		{B0A60ADD-F4C8-42EF-A99B-416A831C874D}.Ad-Hoc|iPhone.Build.0 = Ad-Hoc|iPhone
		{B0A60ADD-F4C8-42EF-A99B-416A831C874D}.Ad-Hoc|iPhoneSimulator.ActiveCfg = Ad-Hoc|iPhoneSimulator
		{B0A60ADD-F4C8-42EF-A99B-416A831C874D}.Ad-Hoc|iPhoneSimulator.Build.0 = Ad-Hoc|iPhoneSimulator
		{B0A60ADD-F4C8-42EF-A99B-416A831C874D}.Ad-Hoc|x64.ActiveCfg = Ad-Hoc|iPhone
		{B0A60ADD-F4C8-42EF-A99B-416A831C874D}.Ad-Hoc|x86.ActiveCfg = Ad-Hoc|iPhone
		{B0A60ADD-F4C8-42EF-A99B-416A831C874D}.AppStore|Any CPU.ActiveCfg = AppStore|iPhone
		{B0A60ADD-F4C8-42EF-A99B-416A831C874D}.AppStore|ARM.ActiveCfg = AppStore|iPhone
		{B0A60ADD-F4C8-42EF-A99B-416A831C874D}.AppStore|iPhone.ActiveCfg = AppStore|iPhone
		{B0A60ADD-F4C8-42EF-A99B-416A831C874D}.AppStore|iPhone.Build.0 = AppStore|iPhone
		{B0A60ADD-F4C8-42EF-A99B-416A831C874D}.AppStore|iPhoneSimulator.ActiveCfg = AppStore|iPhoneSimulator
		{B0A60ADD-F4C8-42EF-A99B-416A831C874D}.AppStore|iPhoneSimulator.Build.0 = AppStore|iPhoneSimulator
		{B0A60ADD-F4C8-42EF-A99B-416A831C874D}.AppStore|x64.ActiveCfg = AppStore|iPhone
		{B0A60ADD-F4C8-42EF-A99B-416A831C874D}.AppStore|x86.ActiveCfg = AppStore|iPhone
		{B0A60ADD-F4C8-42EF-A99B-416A831C874D}.Debug|Any CPU.ActiveCfg = Debug|iPhone
		{B0A60ADD-F4C8-42EF-A99B-416A831C874D}.Debug|ARM.ActiveCfg = Debug|iPhone
		{B0A60ADD-F4C8-42EF-A99B-416A831C874D}.Debug|iPhone.ActiveCfg = Debug|iPhone
		{B0A60ADD-F4C8-42EF-A99B-416A831C874D}.Debug|iPhone.Build.0 = Debug|iPhone
		{B0A60ADD-F4C8-42EF-A99B-416A831C874D}.Debug|iPhoneSimulator.ActiveCfg = Debug|iPhoneSimulator
		{B0A60ADD-F4C8-42EF-A99B-416A831C874D}.Debug|iPhoneSimulator.Build.0 = Debug|iPhoneSimulator
		{B0A60ADD-F4C8-42EF-A99B-416A831C874D}.Debug|x64.ActiveCfg = Debug|iPhone
		{B0A60ADD-F4C8-42EF-A99B-416A831C874D}.Debug|x86.ActiveCfg = Debug|iPhone
		{B0A60ADD-F4C8-42EF-A99B-416A831C874D}.Release|Any CPU.ActiveCfg = Release|iPhone
		{B0A60ADD-F4C8-42EF-A99B-416A831C874D}.Release|ARM.ActiveCfg = Release|iPhone
		{B0A60ADD-F4C8-42EF-A99B-416A831C874D}.Release|iPhone.ActiveCfg = Release|iPhone
		{B0A60ADD-F4C8-42EF-A99B-416A831C874D}.Release|iPhone.Build.0 = Release|iPhone
		{B0A60ADD-F4C8-42EF-A99B-416A831C874D}.Release|iPhoneSimulator.ActiveCfg = Release|iPhoneSimulator
		{B0A60ADD-F4C8-42EF-A99B-416A831C874D}.Release|iPhoneSimulator.Build.0 = Release|iPhoneSimulator
		{B0A60ADD-F4C8-42EF-A99B-416A831C874D}.Release|x64.ActiveCfg = Release|iPhone
		{B0A60ADD-F4C8-42EF-A99B-416A831C874D}.Release|x86.ActiveCfg = Release|iPhone
		{619E63BE-B7F5-4D2E-9C30-52D8E5E64875}.Ad-Hoc|Any CPU.ActiveCfg = Release|Any CPU
		{619E63BE-B7F5-4D2E-9C30-52D8E5E64875}.Ad-Hoc|Any CPU.Build.0 = Release|Any CPU
		{619E63BE-B7F5-4D2E-9C30-52D8E5E64875}.Ad-Hoc|ARM.ActiveCfg = Release|Any CPU
		{619E63BE-B7F5-4D2E-9C30-52D8E5E64875}.Ad-Hoc|ARM.Build.0 = Release|Any CPU
		{619E63BE-B7F5-4D2E-9C30-52D8E5E64875}.Ad-Hoc|iPhone.ActiveCfg = Release|Any CPU
		{619E63BE-B7F5-4D2E-9C30-52D8E5E64875}.Ad-Hoc|iPhone.Build.0 = Release|Any CPU
		{619E63BE-B7F5-4D2E-9C30-52D8E5E64875}.Ad-Hoc|iPhoneSimulator.ActiveCfg = Release|Any CPU
		{619E63BE-B7F5-4D2E-9C30-52D8E5E64875}.Ad-Hoc|iPhoneSimulator.Build.0 = Release|Any CPU
		{619E63BE-B7F5-4D2E-9C30-52D8E5E64875}.Ad-Hoc|x64.ActiveCfg = Release|Any CPU
		{619E63BE-B7F5-4D2E-9C30-52D8E5E64875}.Ad-Hoc|x64.Build.0 = Release|Any CPU
		{619E63BE-B7F5-4D2E-9C30-52D8E5E64875}.Ad-Hoc|x86.ActiveCfg = Release|Any CPU
		{619E63BE-B7F5-4D2E-9C30-52D8E5E64875}.Ad-Hoc|x86.Build.0 = Release|Any CPU
		{619E63BE-B7F5-4D2E-9C30-52D8E5E64875}.AppStore|Any CPU.ActiveCfg = Release|Any CPU
		{619E63BE-B7F5-4D2E-9C30-52D8E5E64875}.AppStore|Any CPU.Build.0 = Release|Any CPU
		{619E63BE-B7F5-4D2E-9C30-52D8E5E64875}.AppStore|ARM.ActiveCfg = Release|Any CPU
		{619E63BE-B7F5-4D2E-9C30-52D8E5E64875}.AppStore|ARM.Build.0 = Release|Any CPU
		{619E63BE-B7F5-4D2E-9C30-52D8E5E64875}.AppStore|iPhone.ActiveCfg = Release|Any CPU
		{619E63BE-B7F5-4D2E-9C30-52D8E5E64875}.AppStore|iPhone.Build.0 = Release|Any CPU
		{619E63BE-B7F5-4D2E-9C30-52D8E5E64875}.AppStore|iPhoneSimulator.ActiveCfg = Release|Any CPU
		{619E63BE-B7F5-4D2E-9C30-52D8E5E64875}.AppStore|iPhoneSimulator.Build.0 = Release|Any CPU
		{619E63BE-B7F5-4D2E-9C30-52D8E5E64875}.AppStore|x64.ActiveCfg = Release|Any CPU
		{619E63BE-B7F5-4D2E-9C30-52D8E5E64875}.AppStore|x64.Build.0 = Release|Any CPU
		{619E63BE-B7F5-4D2E-9C30-52D8E5E64875}.AppStore|x86.ActiveCfg = Release|Any CPU
		{619E63BE-B7F5-4D2E-9C30-52D8E5E64875}.AppStore|x86.Build.0 = Release|Any CPU
		{619E63BE-B7F5-4D2E-9C30-52D8E5E64875}.Debug|Any CPU.ActiveCfg = Debug|Any CPU
		{619E63BE-B7F5-4D2E-9C30-52D8E5E64875}.Debug|Any CPU.Build.0 = Debug|Any CPU
		{619E63BE-B7F5-4D2E-9C30-52D8E5E64875}.Debug|ARM.ActiveCfg = Debug|Any CPU
		{619E63BE-B7F5-4D2E-9C30-52D8E5E64875}.Debug|ARM.Build.0 = Debug|Any CPU
		{619E63BE-B7F5-4D2E-9C30-52D8E5E64875}.Debug|iPhone.ActiveCfg = Debug|Any CPU
		{619E63BE-B7F5-4D2E-9C30-52D8E5E64875}.Debug|iPhone.Build.0 = Debug|Any CPU
		{619E63BE-B7F5-4D2E-9C30-52D8E5E64875}.Debug|iPhoneSimulator.ActiveCfg = Debug|Any CPU
		{619E63BE-B7F5-4D2E-9C30-52D8E5E64875}.Debug|iPhoneSimulator.Build.0 = Debug|Any CPU
		{619E63BE-B7F5-4D2E-9C30-52D8E5E64875}.Debug|x64.ActiveCfg = Debug|Any CPU
		{619E63BE-B7F5-4D2E-9C30-52D8E5E64875}.Debug|x64.Build.0 = Debug|Any CPU
		{619E63BE-B7F5-4D2E-9C30-52D8E5E64875}.Debug|x86.ActiveCfg = Debug|Any CPU
		{619E63BE-B7F5-4D2E-9C30-52D8E5E64875}.Debug|x86.Build.0 = Debug|Any CPU
		{619E63BE-B7F5-4D2E-9C30-52D8E5E64875}.Release|Any CPU.ActiveCfg = Release|Any CPU
		{619E63BE-B7F5-4D2E-9C30-52D8E5E64875}.Release|Any CPU.Build.0 = Release|Any CPU
		{619E63BE-B7F5-4D2E-9C30-52D8E5E64875}.Release|ARM.ActiveCfg = Release|Any CPU
		{619E63BE-B7F5-4D2E-9C30-52D8E5E64875}.Release|ARM.Build.0 = Release|Any CPU
		{619E63BE-B7F5-4D2E-9C30-52D8E5E64875}.Release|iPhone.ActiveCfg = Release|Any CPU
		{619E63BE-B7F5-4D2E-9C30-52D8E5E64875}.Release|iPhone.Build.0 = Release|Any CPU
		{619E63BE-B7F5-4D2E-9C30-52D8E5E64875}.Release|iPhoneSimulator.ActiveCfg = Release|Any CPU
		{619E63BE-B7F5-4D2E-9C30-52D8E5E64875}.Release|iPhoneSimulator.Build.0 = Release|Any CPU
		{619E63BE-B7F5-4D2E-9C30-52D8E5E64875}.Release|x64.ActiveCfg = Release|Any CPU
		{619E63BE-B7F5-4D2E-9C30-52D8E5E64875}.Release|x64.Build.0 = Release|Any CPU
		{619E63BE-B7F5-4D2E-9C30-52D8E5E64875}.Release|x86.ActiveCfg = Release|Any CPU
		{619E63BE-B7F5-4D2E-9C30-52D8E5E64875}.Release|x86.Build.0 = Release|Any CPU
		{621AE780-CB34-4F70-B029-AC570D24ED9C}.Ad-Hoc|Any CPU.ActiveCfg = Release|Any CPU
		{621AE780-CB34-4F70-B029-AC570D24ED9C}.Ad-Hoc|Any CPU.Build.0 = Release|Any CPU
		{621AE780-CB34-4F70-B029-AC570D24ED9C}.Ad-Hoc|ARM.ActiveCfg = Release|Any CPU
		{621AE780-CB34-4F70-B029-AC570D24ED9C}.Ad-Hoc|ARM.Build.0 = Release|Any CPU
		{621AE780-CB34-4F70-B029-AC570D24ED9C}.Ad-Hoc|iPhone.ActiveCfg = Release|Any CPU
		{621AE780-CB34-4F70-B029-AC570D24ED9C}.Ad-Hoc|iPhone.Build.0 = Release|Any CPU
		{621AE780-CB34-4F70-B029-AC570D24ED9C}.Ad-Hoc|iPhoneSimulator.ActiveCfg = Release|Any CPU
		{621AE780-CB34-4F70-B029-AC570D24ED9C}.Ad-Hoc|iPhoneSimulator.Build.0 = Release|Any CPU
		{621AE780-CB34-4F70-B029-AC570D24ED9C}.Ad-Hoc|x64.ActiveCfg = Release|Any CPU
		{621AE780-CB34-4F70-B029-AC570D24ED9C}.Ad-Hoc|x64.Build.0 = Release|Any CPU
		{621AE780-CB34-4F70-B029-AC570D24ED9C}.Ad-Hoc|x86.ActiveCfg = Release|Any CPU
		{621AE780-CB34-4F70-B029-AC570D24ED9C}.Ad-Hoc|x86.Build.0 = Release|Any CPU
		{621AE780-CB34-4F70-B029-AC570D24ED9C}.AppStore|Any CPU.ActiveCfg = Release|Any CPU
		{621AE780-CB34-4F70-B029-AC570D24ED9C}.AppStore|Any CPU.Build.0 = Release|Any CPU
		{621AE780-CB34-4F70-B029-AC570D24ED9C}.AppStore|ARM.ActiveCfg = Release|Any CPU
		{621AE780-CB34-4F70-B029-AC570D24ED9C}.AppStore|ARM.Build.0 = Release|Any CPU
		{621AE780-CB34-4F70-B029-AC570D24ED9C}.AppStore|iPhone.ActiveCfg = Release|Any CPU
		{621AE780-CB34-4F70-B029-AC570D24ED9C}.AppStore|iPhone.Build.0 = Release|Any CPU
		{621AE780-CB34-4F70-B029-AC570D24ED9C}.AppStore|iPhoneSimulator.ActiveCfg = Release|Any CPU
		{621AE780-CB34-4F70-B029-AC570D24ED9C}.AppStore|iPhoneSimulator.Build.0 = Release|Any CPU
		{621AE780-CB34-4F70-B029-AC570D24ED9C}.AppStore|x64.ActiveCfg = Release|Any CPU
		{621AE780-CB34-4F70-B029-AC570D24ED9C}.AppStore|x64.Build.0 = Release|Any CPU
		{621AE780-CB34-4F70-B029-AC570D24ED9C}.AppStore|x86.ActiveCfg = Release|Any CPU
		{621AE780-CB34-4F70-B029-AC570D24ED9C}.AppStore|x86.Build.0 = Release|Any CPU
		{621AE780-CB34-4F70-B029-AC570D24ED9C}.Debug|Any CPU.ActiveCfg = Debug|Any CPU
		{621AE780-CB34-4F70-B029-AC570D24ED9C}.Debug|Any CPU.Build.0 = Debug|Any CPU
		{621AE780-CB34-4F70-B029-AC570D24ED9C}.Debug|ARM.ActiveCfg = Debug|Any CPU
		{621AE780-CB34-4F70-B029-AC570D24ED9C}.Debug|ARM.Build.0 = Debug|Any CPU
		{621AE780-CB34-4F70-B029-AC570D24ED9C}.Debug|iPhone.ActiveCfg = Debug|Any CPU
		{621AE780-CB34-4F70-B029-AC570D24ED9C}.Debug|iPhone.Build.0 = Debug|Any CPU
		{621AE780-CB34-4F70-B029-AC570D24ED9C}.Debug|iPhoneSimulator.ActiveCfg = Debug|Any CPU
		{621AE780-CB34-4F70-B029-AC570D24ED9C}.Debug|iPhoneSimulator.Build.0 = Debug|Any CPU
		{621AE780-CB34-4F70-B029-AC570D24ED9C}.Debug|x64.ActiveCfg = Debug|Any CPU
		{621AE780-CB34-4F70-B029-AC570D24ED9C}.Debug|x64.Build.0 = Debug|Any CPU
		{621AE780-CB34-4F70-B029-AC570D24ED9C}.Debug|x86.ActiveCfg = Debug|Any CPU
		{621AE780-CB34-4F70-B029-AC570D24ED9C}.Debug|x86.Build.0 = Debug|Any CPU
		{621AE780-CB34-4F70-B029-AC570D24ED9C}.Release|Any CPU.ActiveCfg = Release|Any CPU
		{621AE780-CB34-4F70-B029-AC570D24ED9C}.Release|Any CPU.Build.0 = Release|Any CPU
		{621AE780-CB34-4F70-B029-AC570D24ED9C}.Release|ARM.ActiveCfg = Release|Any CPU
		{621AE780-CB34-4F70-B029-AC570D24ED9C}.Release|ARM.Build.0 = Release|Any CPU
		{621AE780-CB34-4F70-B029-AC570D24ED9C}.Release|iPhone.ActiveCfg = Release|Any CPU
		{621AE780-CB34-4F70-B029-AC570D24ED9C}.Release|iPhone.Build.0 = Release|Any CPU
		{621AE780-CB34-4F70-B029-AC570D24ED9C}.Release|iPhoneSimulator.ActiveCfg = Release|Any CPU
		{621AE780-CB34-4F70-B029-AC570D24ED9C}.Release|iPhoneSimulator.Build.0 = Release|Any CPU
		{621AE780-CB34-4F70-B029-AC570D24ED9C}.Release|x64.ActiveCfg = Release|Any CPU
		{621AE780-CB34-4F70-B029-AC570D24ED9C}.Release|x64.Build.0 = Release|Any CPU
		{621AE780-CB34-4F70-B029-AC570D24ED9C}.Release|x86.ActiveCfg = Release|Any CPU
		{621AE780-CB34-4F70-B029-AC570D24ED9C}.Release|x86.Build.0 = Release|Any CPU
	EndGlobalSection
	GlobalSection(SolutionProperties) = preSolution
		HideSolutionNode = FALSE
	EndGlobalSection
	GlobalSection(NestedProjects) = preSolution
		{A0DD49BD-0E6F-4291-A741-B62D1E813E2E} = {013644A6-9015-4704-9BF7-4E78BCA94472}
		{C8E5844B-A0F1-41D6-B5C4-590127CAB98B} = {013644A6-9015-4704-9BF7-4E78BCA94472}
		{B0A60ADD-F4C8-42EF-A99B-416A831C874D} = {013644A6-9015-4704-9BF7-4E78BCA94472}
		{51A29E94-CF97-46FC-BEFD-EF7EF130F3D9} = {013644A6-9015-4704-9BF7-4E78BCA94472}
		{619E63BE-B7F5-4D2E-9C30-52D8E5E64875} = {0BD314A4-0AE6-4BAE-B919-5205399C886D}
		{621AE780-CB34-4F70-B029-AC570D24ED9C} = {013644A6-9015-4704-9BF7-4E78BCA94472}
	EndGlobalSection
EndGlobal
